
Microsoft Visual Studio Solution File, Format Version 12.00
# Visual Studio Version 17
VisualStudioVersion = 17.2.32630.192
MinimumVisualStudioVersion = 10.0.40219.1
Project("{9A19103F-16F7-4668-BE54-9A1E7A4F7556}") = "CFRs.BE", "CFRs.BE\CFRs.BE.csproj", "{9FE5E0C4-C025-4529-A03E-762A63F0576A}"
EndProject
Project("{9A19103F-16F7-4668-BE54-9A1E7A4F7556}") = "CFRs.DAL", "CFRs.DAL\CFRs.DAL.csproj", "{F8076C10-ADF5-4C66-B7E8-3382B6067878}"
EndProject
Project("{9A19103F-16F7-4668-BE54-9A1E7A4F7556}") = "CFRs.BLL", "CFRs.BLL\CFRs.BLL.csproj", "{AAE133F5-D71C-459C-8BF0-8D62A4395216}"
EndProject
Project("{9A19103F-16F7-4668-BE54-9A1E7A4F7556}") = "CFRs.ENT", "CFRs.ENT\CFRs.ENT.csproj", "{B971227A-FDE0-4ACD-8CA7-42D011A78CEA}"
EndProject
Project("{FAE04EC0-301F-11D3-BF4B-00C04F79EFBC}") = "CFRs.Model", "CFRs.Model\CFRs.Model.csproj", "{F07064FB-C867-4D92-9B21-F08D3C63BABD}"
EndProject
Global
	GlobalSection(SolutionConfigurationPlatforms) = preSolution
		Debug|Any CPU = Debug|Any CPU
		Debug|x64 = Debug|x64
		Release|Any CPU = Release|Any CPU
		Release|x64 = Release|x64
	EndGlobalSection
	GlobalSection(ProjectConfigurationPlatforms) = postSolution
		{9FE5E0C4-C025-4529-A03E-762A63F0576A}.Debug|Any CPU.ActiveCfg = Debug|Any CPU
		{9FE5E0C4-C025-4529-A03E-762A63F0576A}.Debug|Any CPU.Build.0 = Debug|Any CPU
		{9FE5E0C4-C025-4529-A03E-762A63F0576A}.Debug|x64.ActiveCfg = Debug|x64
		{9FE5E0C4-C025-4529-A03E-762A63F0576A}.Debug|x64.Build.0 = Debug|x64
		{9FE5E0C4-C025-4529-A03E-762A63F0576A}.Release|Any CPU.ActiveCfg = Release|Any CPU
		{9FE5E0C4-C025-4529-A03E-762A63F0576A}.Release|Any CPU.Build.0 = Release|Any CPU
		{9FE5E0C4-C025-4529-A03E-762A63F0576A}.Release|x64.ActiveCfg = Release|x64
		{9FE5E0C4-C025-4529-A03E-762A63F0576A}.Release|x64.Build.0 = Release|x64
		{F8076C10-ADF5-4C66-B7E8-3382B6067878}.Debug|Any CPU.ActiveCfg = Debug|Any CPU
		{F8076C10-ADF5-4C66-B7E8-3382B6067878}.Debug|Any CPU.Build.0 = Debug|Any CPU
		{F8076C10-ADF5-4C66-B7E8-3382B6067878}.Debug|x64.ActiveCfg = Debug|Any CPU
		{F8076C10-ADF5-4C66-B7E8-3382B6067878}.Debug|x64.Build.0 = Debug|Any CPU
		{F8076C10-ADF5-4C66-B7E8-3382B6067878}.Release|Any CPU.ActiveCfg = Release|Any CPU
		{F8076C10-ADF5-4C66-B7E8-3382B6067878}.Release|Any CPU.Build.0 = Release|Any CPU
		{F8076C10-ADF5-4C66-B7E8-3382B6067878}.Release|x64.ActiveCfg = Release|Any CPU
		{F8076C10-ADF5-4C66-B7E8-3382B6067878}.Release|x64.Build.0 = Release|Any CPU
		{AAE133F5-D71C-459C-8BF0-8D62A4395216}.Debug|Any CPU.ActiveCfg = Debug|Any CPU
		{AAE133F5-D71C-459C-8BF0-8D62A4395216}.Debug|Any CPU.Build.0 = Debug|Any CPU
		{AAE133F5-D71C-459C-8BF0-8D62A4395216}.Debug|x64.ActiveCfg = Debug|Any CPU
		{AAE133F5-D71C-459C-8BF0-8D62A4395216}.Debug|x64.Build.0 = Debug|Any CPU
		{AAE133F5-D71C-459C-8BF0-8D62A4395216}.Release|Any CPU.ActiveCfg = Release|Any CPU
		{AAE133F5-D71C-459C-8BF0-8D62A4395216}.Release|Any CPU.Build.0 = Release|Any CPU
		{AAE133F5-D71C-459C-8BF0-8D62A4395216}.Release|x64.ActiveCfg = Release|Any CPU
		{AAE133F5-D71C-459C-8BF0-8D62A4395216}.Release|x64.Build.0 = Release|Any CPU
		{B971227A-FDE0-4ACD-8CA7-42D011A78CEA}.Debug|Any CPU.ActiveCfg = Debug|Any CPU
		{B971227A-FDE0-4ACD-8CA7-42D011A78CEA}.Debug|Any CPU.Build.0 = Debug|Any CPU
		{B971227A-FDE0-4ACD-8CA7-42D011A78CEA}.Debug|x64.ActiveCfg = Debug|Any CPU
		{B971227A-FDE0-4ACD-8CA7-42D011A78CEA}.Debug|x64.Build.0 = Debug|Any CPU
		{B971227A-FDE0-4ACD-8CA7-42D011A78CEA}.Release|Any CPU.ActiveCfg = Release|Any CPU
		{B971227A-FDE0-4ACD-8CA7-42D011A78CEA}.Release|Any CPU.Build.0 = Release|Any CPU
		{B971227A-FDE0-4ACD-8CA7-42D011A78CEA}.Release|x64.ActiveCfg = Release|Any CPU
		{B971227A-FDE0-4ACD-8CA7-42D011A78CEA}.Release|x64.Build.0 = Release|Any CPU
		{F07064FB-C867-4D92-9B21-F08D3C63BABD}.Debug|Any CPU.ActiveCfg = Debug|Any CPU
		{F07064FB-C867-4D92-9B21-F08D3C63BABD}.Debug|Any CPU.Build.0 = Debug|Any CPU
		{F07064FB-C867-4D92-9B21-F08D3C63BABD}.Debug|x64.ActiveCfg = Debug|Any CPU
		{F07064FB-C867-4D92-9B21-F08D3C63BABD}.Debug|x64.Build.0 = Debug|Any CPU
		{F07064FB-C867-4D92-9B21-F08D3C63BABD}.Release|Any CPU.ActiveCfg = Release|Any CPU
		{F07064FB-C867-4D92-9B21-F08D3C63BABD}.Release|Any CPU.Build.0 = Release|Any CPU
		{F07064FB-C867-4D92-9B21-F08D3C63BABD}.Release|x64.ActiveCfg = Release|Any CPU
		{F07064FB-C867-4D92-9B21-F08D3C63BABD}.Release|x64.Build.0 = Release|Any CPU
	EndGlobalSection
	GlobalSection(SolutionProperties) = preSolution
		HideSolutionNode = FALSE
	EndGlobalSection
	GlobalSection(ExtensibilityGlobals) = postSolution
		SolutionGuid = {51924F46-F69B-4787-BFCC-440090761204}
	EndGlobalSection
EndGlobal
